Microsoft Visual Studio Solution File, Format Version 12.00
# Visual Studio Version 17
VisualStudioVersion = 17.0.31912.275
MinimumVisualStudioVersion = 10.0.40219.1
Project("{FAE04EC0-301F-11D3-BF4B-00C04F79EFBC}") = "Agenda.Api", "Agenda.Api\Agenda.Api.csproj", "{C1E9E8B0-5A0D-4B14-9D23-1F43F12D5F9B}"
EndProject
Project("{FAE04EC0-301F-11D3-BF4B-00C04F79EFBC}") = "Agenda.Api.Tests", "Agenda.Api.Tests\Agenda.Api.Tests.csproj", "{6C4D6B98-7E65-4D0E-A4E9-4BBF9C5F9E21}"
EndProject
Global
    GlobalSection(SolutionConfigurationPlatforms) = preSolution
        Debug|Any CPU = Debug|Any CPU
        Release|Any CPU = Release|Any CPU
    EndGlobalSection
    GlobalSection(ProjectConfigurationPlatforms) = postSolution
		{6C4D6B98-7E65-4D0E-A4E9-4BBF9C5F9E21}.Debug|Any CPU.ActiveCfg = Debug|Any CPU
		{6C4D6B98-7E65-4D0E-A4E9-4BBF9C5F9E21}.Debug|Any CPU.Build.0 = Debug|Any CPU
		{6C4D6B98-7E65-4D0E-A4E9-4BBF9C5F9E21}.Release|Any CPU.ActiveCfg = Release|Any CPU
		{6C4D6B98-7E65-4D0E-A4E9-4BBF9C5F9E21}.Release|Any CPU.Build.0 = Release|Any CPU
        {C1E9E8B0-5A0D-4B14-9D23-1F43F12D5F9B}.Debug|Any CPU.ActiveCfg = Debug|Any CPU
        {C1E9E8B0-5A0D-4B14-9D23-1F43F12D5F9B}.Debug|Any CPU.Build.0 = Debug|Any CPU
        {C1E9E8B0-5A0D-4B14-9D23-1F43F12D5F9B}.Release|Any CPU.ActiveCfg = Release|Any CPU
        {C1E9E8B0-5A0D-4B14-9D23-1F43F12D5F9B}.Release|Any CPU.Build.0 = Release|Any CPU
    EndGlobalSection
    GlobalSection(SolutionProperties) = preSolution
        HideSolutionNode = FALSE
    EndGlobalSection
EndGlobal
